
Microsoft Visual Studio Solution File, Format Version 12.00
# Visual Studio Version 16
VisualStudioVersion = 16.0.31829.152
MinimumVisualStudioVersion = 10.0.40219.1
Project("{FAE04EC0-301F-11D3-BF4B-00C04F79EFBC}") = "Rocchi_server01", "Rocchi_server01\Rocchi_server01.csproj", "{FEAA9CAE-8069-4BD4-937F-468A00D4BFF3}"
EndProject
Global
	GlobalSection(SolutionConfigurationPlatforms) = preSolution
		Debug|Any CPU = Debug|Any CPU
		Release|Any CPU = Release|Any CPU
	EndGlobalSection
	GlobalSection(ProjectConfigurationPlatforms) = postSolution
		{FEAA9CAE-8069-4BD4-937F-468A00D4BFF3}.Debug|Any CPU.ActiveCfg = Debug|Any CPU
		{FEAA9CAE-8069-4BD4-937F-468A00D4BFF3}.Debug|Any CPU.Build.0 = Debug|Any CPU
		{FEAA9CAE-8069-4BD4-937F-468A00D4BFF3}.Release|Any CPU.ActiveCfg = Release|Any CPU
		{FEAA9CAE-8069-4BD4-937F-468A00D4BFF3}.Release|Any CPU.Build.0 = Release|Any CPU
	EndGlobalSection
	GlobalSection(SolutionProperties) = preSolution
		HideSolutionNode = FALSE
	EndGlobalSection
	GlobalSection(ExtensibilityGlobals) = postSolution
		SolutionGuid = {AB6A17E1-A8D4-4212-9723-FDE96034AA48}
	EndGlobalSection
EndGlobal
